{
  "name": "demo4",
  "lockfileVersion": 3,
  "requires": true,
  "packages": {
    "node_modules/.store/balanced-match@1.0.2/node_modules/balanced-match": {
      "version": "1.0.2",
      "extraneous": true,
      "license": "MIT",
      "devDependencies": {
        "matcha": "^0.7.0",
        "tape": "^4.6.0"
      }
    },
    "node_modules/.store/brace-expansion@1.1.11": {
      "extraneous": true
    },
    "node_modules/.store/commander@2.15.1/node_modules/commander": {
      "version": "2.15.1",
      "extraneous": true,
      "license": "MIT",
      "devDependencies": {
        "@types/node": "^7.0.55",
        "eslint": "^3.19.0",
        "should": "^11.2.1",
        "sinon": "^2.4.1",
        "standard": "^10.0.3",
        "typescript": "^2.7.2"
      }
    },
    "node_modules/.store/concat-map@0.0.1/node_modules/concat-map": {
      "version": "0.0.1",
      "extraneous": true,
      "license": "MIT",
      "devDependencies": {
        "tape": "~2.4.0"
      }
    },
    "node_modules/.store/ejs@2.6.1/node_modules/ejs": {
      "version": "2.6.1",
      "extraneous": true,
      "license": "Apache-2.0",
      "devDependencies": {
        "browserify": "^13.1.1",
        "eslint": "^4.14.0",
        "git-directory-deploy": "^1.5.1",
        "istanbul": "~0.4.3",
        "jake": "^8.0.16",
        "jsdoc": "^3.4.0",
        "lru-cache": "^4.0.1",
        "mocha": "^5.0.5",
        "uglify-js": "^3.3.16"
      },
      "engines": {
        "node": ">=0.10.0"
      }
    },
    "node_modules/.store/express-generator@4.16.1": {
      "extraneous": true
    },
    "node_modules/.store/minimatch@3.0.4": {
      "extraneous": true
    },
    "node_modules/.store/minimist@0.0.8/node_modules/minimist": {
      "version": "0.0.8",
      "extraneous": true,
      "license": "MIT",
      "devDependencies": {
        "tap": "~0.4.0",
        "tape": "~1.0.4"
      }
    },
    "node_modules/.store/mkdirp@0.5.1": {
      "extraneous": true
    },
    "node_modules/.store/sorted-object@2.0.1/node_modules/sorted-object": {
      "version": "2.0.1",
      "extraneous": true,
      "license": "(WTFPL OR MIT)",
      "devDependencies": {
        "eslint": "^2.4.0",
        "tape": "^4.5.1"
      }
    }
  }
}
